
Microsoft Visual Studio Solution File, Format Version 12.00
# Visual Studio Version 17
VisualStudioVersion = 17.0.31611.283
MinimumVisualStudioVersion = 10.0.40219.1
Project("{9A19103F-16F7-4668-BE54-9A1E7A4F7556}") = "Translate app", "Translate app.csproj", "{0EA60A8B-7B6F-4337-B1B6-1CD57ADEFCAF}"
EndProject
Global
	GlobalSection(SolutionConfigurationPlatforms) = preSolution
		Debug|Any CPU = Debug|Any CPU
		Release|Any CPU = Release|Any CPU
	EndGlobalSection
	GlobalSection(ProjectConfigurationPlatforms) = postSolution
		{0EA60A8B-7B6F-4337-B1B6-1CD57ADEFCAF}.Debug|Any CPU.ActiveCfg = Debug|Any CPU
		{0EA60A8B-7B6F-4337-B1B6-1CD57ADEFCAF}.Debug|Any CPU.Build.0 = Debug|Any CPU
		{0EA60A8B-7B6F-4337-B1B6-1CD57ADEFCAF}.Debug|Any CPU.Deploy.0 = Debug|Any CPU
		{0EA60A8B-7B6F-4337-B1B6-1CD57ADEFCAF}.Release|Any CPU.ActiveCfg = Release|Any CPU
		{0EA60A8B-7B6F-4337-B1B6-1CD57ADEFCAF}.Release|Any CPU.Build.0 = Release|Any CPU
		{0EA60A8B-7B6F-4337-B1B6-1CD57ADEFCAF}.Release|Any CPU.Deploy.0 = Release|Any CPU
	EndGlobalSection
	GlobalSection(SolutionProperties) = preSolution
		HideSolutionNode = FALSE
	EndGlobalSection
	GlobalSection(ExtensibilityGlobals) = postSolution
		SolutionGuid = {61F7FB11-1E47-470C-91E2-47F8143E1572}
	EndGlobalSection
EndGlobal
